<?xml version="1.0" encoding="utf-8"?>
<Project ToolsVersion="4.0" xmlns="http://schemas.microsoft.com/developer/msbuild/2003">
  <ItemGroup>
    <Filter Include="units">
      <UniqueIdentifier>{8460e7a4-50d7-4b4b-ad53-9fb3f6240795}</UniqueIdentifier>
    </Filter>
    <Filter Include="ext">
      <UniqueIdentifier>{1ea24a4d-d905-4294-b1f3-54fe48f2588e}</UniqueIdentifier>
    </Filter>
    <Filter Include="ext\media">
      <UniqueIdentifier>{eba8c033-b714-4edc-b056-e6390375a36a}</UniqueIdentifier>
    </Filter>
    <Filter Include="ext\media\gfx">
      <UniqueIdentifier>{7be2c6ea-51a8-4c6d-8abe-c0f7e210ba0b}</UniqueIdentifier>
    </Filter>
    <Filter Include="min">
      <UniqueIdentifier>{d8f506b9-5d09-4ad2-bb63-4b291c8d7e33}</UniqueIdentifier>
    </Filter>
    <Filter Include="ext\com">
      <UniqueIdentifier>{4125d2a2-e585-4104-86ce-373d8f0b6528}</UniqueIdentifier>
    </Filter>
    <Filter Include="ext\com\util">
      <UniqueIdentifier>{4c09d044-c9a1-4e55-aa82-d8a130f95325}</UniqueIdentifier>
    </Filter>
    <Filter Include="ext\com\unit">
      <UniqueIdentifier>{125a6db8-2b6a-4dd4-bfde-ebfe8073e927}</UniqueIdentifier>
    </Filter>
    <Filter Include="main">
      <UniqueIdentifier>{dafeeadb-1cc2-4ea8-aca3-b0a274302498}</UniqueIdentifier>
    </Filter>
    <Filter Include="ext\media\res-ld">
      <UniqueIdentifier>{0f969bd4-3c91-4e1a-8ebc-09b1d5821fc2}</UniqueIdentifier>
    </Filter>
    <Filter Include="ext\media\gfx\ext">
      <UniqueIdentifier>{c552120a-253a-4682-9d3f-2dd767a6fb55}</UniqueIdentifier>
    </Filter>
    <Filter Include="ext\com\ux">
      <UniqueIdentifier>{58190f57-c2ab-4d3d-b8ff-698637981803}</UniqueIdentifier>
    </Filter>
    <Filter Include="ext\com\util\unicode">
      <UniqueIdentifier>{da62b733-3477-4170-a53d-1556ab5859e4}</UniqueIdentifier>
    </Filter>
    <Filter Include="ext\media\ovg">
      <UniqueIdentifier>{dd37a6df-5063-4e6e-b727-4261846d9a27}</UniqueIdentifier>
    </Filter>
    <Filter Include="ext\media\snd">
      <UniqueIdentifier>{17280eed-471f-49be-abe5-a38ed436549a}</UniqueIdentifier>
    </Filter>
    <Filter Include="ext\tlib">
      <UniqueIdentifier>{63faea72-87a8-489a-8836-3457f4b16a86}</UniqueIdentifier>
    </Filter>
    <Filter Include="ext\tlib\rng">
      <UniqueIdentifier>{e163eb21-cb0d-4a37-8f68-55d33c5807be}</UniqueIdentifier>
    </Filter>
    <Filter Include="ext\tlib\noise">
      <UniqueIdentifier>{eaa8d2cc-8d52-4a01-974b-b0e4f19491c7}</UniqueIdentifier>
    </Filter>
    <Filter Include="ext\tlib\tiny-obj-loader">
      <UniqueIdentifier>{c32e7706-707c-484c-b502-2528b3790416}</UniqueIdentifier>
    </Filter>
    <Filter Include="ext\tlib\utils">
      <UniqueIdentifier>{721d509f-0f8c-48e6-80e3-a7df61990c02}</UniqueIdentifier>
    </Filter>
    <Filter Include="src-lib">
      <UniqueIdentifier>{024f6196-c337-4be1-b344-fc23e91e78ab}</UniqueIdentifier>
    </Filter>
    <Filter Include="src-lib\boost">
      <UniqueIdentifier>{c1450911-a916-4767-8071-5a3912790b77}</UniqueIdentifier>
    </Filter>
    <Filter Include="src-lib\freetype-gl">
      <UniqueIdentifier>{32cbafd4-76d7-4576-beba-b2521ad2c84f}</UniqueIdentifier>
    </Filter>
    <Filter Include="src-lib\boost\chrono">
      <UniqueIdentifier>{b9300eb6-5b15-4c0b-bcd5-cf5b725f92f7}</UniqueIdentifier>
    </Filter>
    <Filter Include="src-lib\boost\date_time">
      <UniqueIdentifier>{abcfd5f9-464f-49dc-8df2-de80fbf50915}</UniqueIdentifier>
    </Filter>
    <Filter Include="src-lib\boost\date_time\gregorian">
      <UniqueIdentifier>{9d5666c7-de89-4386-a093-db833dadc874}</UniqueIdentifier>
    </Filter>
    <Filter Include="src-lib\boost\date_time\posix_time">
      <UniqueIdentifier>{e4faf847-4e00-4318-8106-d47b8a6115aa}</UniqueIdentifier>
    </Filter>
    <Filter Include="src-lib\boost\filesystem">
      <UniqueIdentifier>{405b39a2-fdf1-45a4-a910-299db8f654f3}</UniqueIdentifier>
    </Filter>
    <Filter Include="src-lib\boost\program_options">
      <UniqueIdentifier>{663f68dc-3315-499d-98ce-8beaab18cf87}</UniqueIdentifier>
    </Filter>
    <Filter Include="src-lib\boost\system">
      <UniqueIdentifier>{5a00c17e-698a-41f4-bc72-ccdea2f78964}</UniqueIdentifier>
    </Filter>
    <Filter Include="src-lib\boost\thread">
      <UniqueIdentifier>{59b36643-3065-4856-9caa-c5eb0cddcfb0}</UniqueIdentifier>
    </Filter>
    <Filter Include="src-lib\boost\timer">
      <UniqueIdentifier>{135e26f4-f3f7-4c4c-8fd6-903b1ce8276d}</UniqueIdentifier>
    </Filter>
    <Filter Include="ext\tlib\sbmd">
      <UniqueIdentifier>{0851dd83-2127-423b-b5cd-8b70ac349a83}</UniqueIdentifier>
    </Filter>
    <Filter Include="min\unit">
      <UniqueIdentifier>{227474cf-4ef5-44a4-8657-9822a7d08621}</UniqueIdentifier>
    </Filter>
    <Filter Include="src-lib\snd">
      <UniqueIdentifier>{b81fb888-cb69-49d4-b8a4-a4d0c53655bf}</UniqueIdentifier>
    </Filter>
    <Filter Include="src-lib\notifications">
      <UniqueIdentifier>{e4cb8f39-3336-4b75-a314-a0846ee79437}</UniqueIdentifier>
    </Filter>
    <Filter Include="units\public">
      <UniqueIdentifier>{4d947e8d-26ea-4b76-bf5b-11e9a1c29771}</UniqueIdentifier>
    </Filter>
    <Filter Include="units\private">
      <UniqueIdentifier>{302c1596-401d-4ccb-b636-7656f9a6ac51}</UniqueIdentifier>
      <ParseFiles>true</ParseFiles>
    </Filter>
    <Filter Include="units\private\break-reminder">
      <UniqueIdentifier>{c030c7cd-9bef-40f8-bef8-3fc6d04df41e}</UniqueIdentifier>
    </Filter>
    <Filter Include="units\private\vorofract">
      <UniqueIdentifier>{8713c5a4-520e-4c4b-8cd9-496dd702463a}</UniqueIdentifier>
    </Filter>
    <Filter Include="units\private\vorofract\algorithm">
      <UniqueIdentifier>{ba3a84e4-9942-423c-919e-637dea187cfe}</UniqueIdentifier>
    </Filter>
    <Filter Include="units\private\barnes-hut">
      <UniqueIdentifier>{d5ad6bc3-9c18-4de8-89bc-5cfa87cc68bf}</UniqueIdentifier>
    </Filter>
    <Filter Include="units\private\kappaxx">
      <UniqueIdentifier>{9d717f37-071e-4620-9f02-9699bfb3bf52}</UniqueIdentifier>
    </Filter>
    <Filter Include="units\private\reliquus">
      <UniqueIdentifier>{11c5492f-6a9e-4246-a960-1339bb62f6f4}</UniqueIdentifier>
    </Filter>
    <Filter Include="units\private\orbital-deathmatch">
      <UniqueIdentifier>{db0fb496-dade-4f91-bad7-d70eaf622a7c}</UniqueIdentifier>
    </Filter>
    <Filter Include="units\private\shipwrecked">
      <UniqueIdentifier>{ba5166da-fd2a-4d0f-b93d-8cc422d4ac78}</UniqueIdentifier>
    </Filter>
    <Filter Include="units\private\musix">
      <UniqueIdentifier>{665d8d82-455e-4d6d-9b33-c92573fd6b06}</UniqueIdentifier>
    </Filter>
    <Filter Include="units\private\test-digital-krikits">
      <UniqueIdentifier>{c71d848b-8cd4-4f49-b63e-2f54bc52953c}</UniqueIdentifier>
    </Filter>
    <Filter Include="units\private\metrolife">
      <UniqueIdentifier>{245ee129-3623-4d47-a4a4-d23b8ec2f3d7}</UniqueIdentifier>
    </Filter>
    <Filter Include="units\public\abstract-racing">
      <UniqueIdentifier>{4a410f49-07df-4a74-99c9-d6c88ffbce5f}</UniqueIdentifier>
    </Filter>
    <Filter Include="units\public\cmd">
      <UniqueIdentifier>{74b28ad3-e0b6-48c0-b5f3-ea5d76c50a42}</UniqueIdentifier>
    </Filter>
    <Filter Include="units\public\cmd\mod">
      <UniqueIdentifier>{23b93a93-42bd-40f9-b607-564e68f6781f}</UniqueIdentifier>
    </Filter>
    <Filter Include="units\public\exercise">
      <UniqueIdentifier>{492037b6-436f-4dd5-9020-940f67206baa}</UniqueIdentifier>
    </Filter>
    <Filter Include="units\public\gen-texture">
      <UniqueIdentifier>{743dcd2d-86ed-4610-808d-ba45e734f376}</UniqueIdentifier>
    </Filter>
    <Filter Include="units\public\gl-frag-shader-demo">
      <UniqueIdentifier>{9533263b-78a9-4d17-9977-b5f8277b47a2}</UniqueIdentifier>
    </Filter>
    <Filter Include="units\public\kemx">
      <UniqueIdentifier>{80df6f50-2c39-476b-bf9d-5ffc7ca8ee3c}</UniqueIdentifier>
    </Filter>
    <Filter Include="units\public\kinetic-scrolling">
      <UniqueIdentifier>{dcb1a037-9eff-472a-b9d4-9dbe1f192896}</UniqueIdentifier>
    </Filter>
    <Filter Include="units\public\mx-lisp">
      <UniqueIdentifier>{b20a72c0-6dc4-45c8-ab83-a1a3dbb20ecf}</UniqueIdentifier>
    </Filter>
    <Filter Include="units\public\template">
      <UniqueIdentifier>{c6d9987d-7088-4db7-af67-0c35c5a240cd}</UniqueIdentifier>
    </Filter>
    <Filter Include="units\public\texxed">
      <UniqueIdentifier>{0ba09aa2-c6d2-4325-9ec5-eb11b683070c}</UniqueIdentifier>
    </Filter>
    <Filter Include="units\public\tests">
      <UniqueIdentifier>{3312ea41-de45-4e35-9268-ac34e55b9237}</UniqueIdentifier>
    </Filter>
    <Filter Include="units\public\tests\test">
      <UniqueIdentifier>{849b9f78-325c-44ec-b941-1221fae5156a}</UniqueIdentifier>
    </Filter>
    <Filter Include="units\public\tests\test-audioengine">
      <UniqueIdentifier>{9c5ef0d0-eeb6-4e0a-98d6-7ac40039c72b}</UniqueIdentifier>
    </Filter>
    <Filter Include="units\public\tests\test-dyn-geometry">
      <UniqueIdentifier>{489a6098-a1a6-4681-b9e9-ab97ad7175ce}</UniqueIdentifier>
    </Filter>
    <Filter Include="units\public\tests\test-ffmpeg">
      <UniqueIdentifier>{3523e45e-c7d4-49f5-adf6-e1c8b7919748}</UniqueIdentifier>
    </Filter>
    <Filter Include="units\public\tests\test-ffmpeg\ffmpeg">
      <UniqueIdentifier>{da0151a3-dd6c-47ca-ae14-16fe22f1b392}</UniqueIdentifier>
    </Filter>
    <Filter Include="units\public\tests\test-fmod">
      <UniqueIdentifier>{6c72f962-ad93-4a0e-9e36-be750e041a74}</UniqueIdentifier>
    </Filter>
    <Filter Include="units\public\tests\test-freeimage">
      <UniqueIdentifier>{dff2b4ec-4bda-4af2-8f1f-b0455a1d8c71}</UniqueIdentifier>
    </Filter>
    <Filter Include="units\public\tests\test-freetype-gl">
      <UniqueIdentifier>{36a42ae5-e5f2-451b-8431-7c8104deaf35}</UniqueIdentifier>
    </Filter>
    <Filter Include="units\public\tests\test-gl">
      <UniqueIdentifier>{e785ed6d-4182-48ec-9852-f82e0f6180f9}</UniqueIdentifier>
    </Filter>
    <Filter Include="units\public\tests\test-grid">
      <UniqueIdentifier>{788654ce-ba01-43ca-8aac-86ad52b8ee66}</UniqueIdentifier>
    </Filter>
    <Filter Include="units\public\tests\test-kube-sphere">
      <UniqueIdentifier>{87e667c7-2f9c-4033-9e59-c800adac90a7}</UniqueIdentifier>
    </Filter>
    <Filter Include="units\public\tests\test-normal-mapping">
      <UniqueIdentifier>{82976592-00d5-43a3-9f1b-7bb29cb2ad20}</UniqueIdentifier>
    </Filter>
    <Filter Include="units\public\tests\test-openvg">
      <UniqueIdentifier>{40d51b7a-0475-42ce-ac22-5a4f665d0e80}</UniqueIdentifier>
    </Filter>
    <Filter Include="units\public\tests\test-reflections">
      <UniqueIdentifier>{6eaa4877-a5d8-4eb8-88a5-91ceb72ee46d}</UniqueIdentifier>
    </Filter>
    <Filter Include="units\public\tests\test-shadow-map">
      <UniqueIdentifier>{878f1adf-17aa-4a14-9226-6f349ab25a73}</UniqueIdentifier>
    </Filter>
    <Filter Include="units\public\tests\test-snd-android">
      <UniqueIdentifier>{8c382206-e5ba-499e-af5d-b18a3d871857}</UniqueIdentifier>
    </Filter>
    <Filter Include="units\public\tests\test-snd-generators">
      <UniqueIdentifier>{6c11d65e-e42e-4ecc-a07e-b0175f83c47b}</UniqueIdentifier>
    </Filter>
    <Filter Include="units\public\tests\test-stk">
      <UniqueIdentifier>{49a71406-9ab2-46fa-a9ff-024fb2db86a5}</UniqueIdentifier>
    </Filter>
    <Filter Include="units\public\tests\ux-test">
      <UniqueIdentifier>{3b514631-8354-4eaf-bcb2-665f5b8e5c6c}</UniqueIdentifier>
    </Filter>
    <Filter Include="units\public\tests\test-trail">
      <UniqueIdentifier>{e3320aa5-c46f-40a0-a8bd-25e9280c836a}</UniqueIdentifier>
    </Filter>
    <Filter Include="src-lib\fmt">
      <UniqueIdentifier>{17d82cd1-f554-40a4-9b03-611c10e15b2a}</UniqueIdentifier>
    </Filter>
  </ItemGroup>
  <ItemGroup>
    <ClInclude Include="..\..\..\src\ext\media\snd\snd.hpp">
      <Filter>ext\media\snd</Filter>
    </ClInclude>
    <ClInclude Include="..\..\..\src\ext\tlib\utils\free-camera.hpp">
      <Filter>ext\tlib\utils</Filter>
    </ClInclude>
    <ClInclude Include="..\..\..\src-lib\boost\date_time\gregorian\greg_names.hpp">
      <Filter>src-lib\boost\date_time\gregorian</Filter>
    </ClInclude>
    <ClInclude Include="..\..\..\src-lib\boost\filesystem\windows_file_codecvt.hpp">
      <Filter>src-lib\boost\filesystem</Filter>
    </ClInclude>
    <ClInclude Include="..\..\..\src\ext\tlib\sbmd\kx-elem.hpp">
      <Filter>ext\tlib\sbmd</Filter>
    </ClInclude>
    <ClInclude Include="..\..\..\src\ext\tlib\sbmd\kx-krte.hpp">
      <Filter>ext\tlib\sbmd</Filter>
    </ClInclude>
    <ClInclude Include="..\..\..\src\ext\tlib\sbmd\kx-parser.hpp">
      <Filter>ext\tlib\sbmd</Filter>
    </ClInclude>
    <ClInclude Include="..\..\..\src\min\unit\unit.hpp">
      <Filter>min\unit</Filter>
    </ClInclude>
    <ClInclude Include="..\..\..\src\min\unit\unit-ctrl.hpp">
      <Filter>min\unit</Filter>
    </ClInclude>
    <ClInclude Include="..\..\..\src\ext\com\ux\font-db.hpp">
      <Filter>ext\com\ux</Filter>
    </ClInclude>
    <ClInclude Include="..\..\..\src\ext\com\ux\text-vxo.hpp">
      <Filter>ext\com\ux</Filter>
    </ClInclude>
    <ClInclude Include="..\..\..\src\ext\com\ux\ux.hpp">
      <Filter>ext\com\ux</Filter>
    </ClInclude>
    <ClInclude Include="..\..\..\src\ext\com\ux\ux-camera.hpp">
      <Filter>ext\com\ux</Filter>
    </ClInclude>
    <ClInclude Include="..\..\..\src\ext\com\ux\ux-com.hpp">
      <Filter>ext\com\ux</Filter>
    </ClInclude>
    <ClInclude Include="..\..\..\src\ext\com\ux\ux-ext.hpp">
      <Filter>ext\com\ux</Filter>
    </ClInclude>
    <ClInclude Include="..\..\..\src\ext\com\ux\ux-font.hpp">
      <Filter>ext\com\ux</Filter>
    </ClInclude>
    <ClInclude Include="..\..\..\src\ext\com\util\util.hpp">
      <Filter>ext\com\util</Filter>
    </ClInclude>
    <ClInclude Include="..\..\..\src\ext\com\util\unicode\boost-filesystem-util.hpp">
      <Filter>ext\com\util\unicode</Filter>
    </ClInclude>
    <ClInclude Include="..\..\..\src\ext\com\util\unicode\boost-program-options-util.hpp">
      <Filter>ext\com\util\unicode</Filter>
    </ClInclude>
    <ClInclude Include="..\..\..\src\ext\com\util\unicode\conversions-util.hpp">
      <Filter>ext\com\util\unicode</Filter>
    </ClInclude>
    <ClInclude Include="..\..\..\src\ext\com\unit\input-ctrl.hpp">
      <Filter>ext\com\unit</Filter>
    </ClInclude>
    <ClInclude Include="..\..\..\src\ext\com\unit\transitions.hpp">
      <Filter>ext\com\unit</Filter>
    </ClInclude>
    <ClInclude Include="..\..\..\src\ext\com\unit\update-ctrl.hpp">
      <Filter>ext\com\unit</Filter>
    </ClInclude>
    <ClInclude Include="..\..\..\src\ext\media\gfx\gfx.hpp">
      <Filter>ext\media\gfx</Filter>
    </ClInclude>
    <ClInclude Include="..\..\..\src\ext\media\gfx\gfx-camera.hpp">
      <Filter>ext\media\gfx</Filter>
    </ClInclude>
    <ClInclude Include="..\..\..\src\ext\media\gfx\gfx-color.hpp">
      <Filter>ext\media\gfx</Filter>
    </ClInclude>
    <ClInclude Include="..\..\..\src\ext\media\gfx\gfx-material.hpp">
      <Filter>ext\media\gfx</Filter>
    </ClInclude>
    <ClInclude Include="..\..\..\src\ext\media\gfx\gfx-obj.hpp">
      <Filter>ext\media\gfx</Filter>
    </ClInclude>
    <ClInclude Include="..\..\..\src\ext\media\gfx\gfx-quad-2d.hpp">
      <Filter>ext\media\gfx</Filter>
    </ClInclude>
    <ClInclude Include="..\..\..\src\ext\media\gfx\gfx-rt.hpp">
      <Filter>ext\media\gfx</Filter>
    </ClInclude>
    <ClInclude Include="..\..\..\src\ext\media\gfx\gfx-scene.hpp">
      <Filter>ext\media\gfx</Filter>
    </ClInclude>
    <ClInclude Include="..\..\..\src\ext\media\gfx\gfx-shader.hpp">
      <Filter>ext\media\gfx</Filter>
    </ClInclude>
    <ClInclude Include="..\..\..\src\ext\media\gfx\gfx-state.hpp">
      <Filter>ext\media\gfx</Filter>
    </ClInclude>
    <ClInclude Include="..\..\..\src\ext\media\gfx\gfx-state-const.hpp">
      <Filter>ext\media\gfx</Filter>
    </ClInclude>
    <ClInclude Include="..\..\..\src\ext\media\gfx\gfx-tex.hpp">
      <Filter>ext\media\gfx</Filter>
    </ClInclude>
    <ClInclude Include="..\..\..\src\ext\media\gfx\gfx-util.hpp">
      <Filter>ext\media\gfx</Filter>
    </ClInclude>
    <ClInclude Include="..\..\..\src\ext\media\gfx\gfx-vxo.hpp">
      <Filter>ext\media\gfx</Filter>
    </ClInclude>
    <ClInclude Include="..\..\..\src\ext\media\gfx\ext\gfx-param-surface.hpp">
      <Filter>ext\media\gfx\ext</Filter>
    </ClInclude>
    <ClInclude Include="..\..\..\src\ext\media\gfx\ext\gfx-surface.hpp">
      <Filter>ext\media\gfx\ext</Filter>
    </ClInclude>
    <ClInclude Include="..\..\..\src\ext\media\ovg\ovg-const.hpp">
      <Filter>ext\media\ovg</Filter>
    </ClInclude>
    <ClInclude Include="..\..\..\src\ext\media\ovg\ovg-obj.hpp">
      <Filter>ext\media\ovg</Filter>
    </ClInclude>
    <ClInclude Include="..\..\..\src\ext\media\res-ld\res-ld.hpp">
      <Filter>ext\media\res-ld</Filter>
    </ClInclude>
    <ClInclude Include="..\..\..\src\ext\tlib\noise\palette.hpp">
      <Filter>ext\tlib\noise</Filter>
    </ClInclude>
    <ClInclude Include="..\..\..\src\ext\tlib\noise\perlinnoise.hpp">
      <Filter>ext\tlib\noise</Filter>
    </ClInclude>
    <ClInclude Include="..\..\..\src\ext\tlib\noise\perlinsettings.hpp">
      <Filter>ext\tlib\noise</Filter>
    </ClInclude>
    <ClInclude Include="..\..\..\src\ext\tlib\rng\rng.hpp">
      <Filter>ext\tlib\rng</Filter>
    </ClInclude>
    <ClInclude Include="..\..\..\src\ext\tlib\tiny-obj-loader\tiny_obj_loader.hpp">
      <Filter>ext\tlib\tiny-obj-loader</Filter>
    </ClInclude>
    <ClInclude Include="..\src\main.hpp">
      <Filter>main</Filter>
    </ClInclude>
    <ClInclude Include="..\..\..\src\min\appplex-conf.hpp">
      <Filter>min</Filter>
    </ClInclude>
    <ClInclude Include="..\..\..\src\min\cpp-property.hpp">
      <Filter>min</Filter>
    </ClInclude>
    <ClInclude Include="..\..\..\src\min\data-sequence.hpp">
      <Filter>min</Filter>
    </ClInclude>
    <ClInclude Include="..\..\..\src\min\min.hpp">
      <Filter>min</Filter>
    </ClInclude>
    <ClInclude Include="..\..\..\src\min\pfm.hpp">
      <Filter>min</Filter>
    </ClInclude>
    <ClInclude Include="..\..\..\src\min\pfm-def.h">
      <Filter>min</Filter>
    </ClInclude>
    <ClInclude Include="..\..\..\src\min\pfmgl.h">
      <Filter>min</Filter>
    </ClInclude>
    <ClInclude Include="..\..\..\src\min\stdafx.h">
      <Filter>min</Filter>
    </ClInclude>
    <ClInclude Include="..\..\..\src\ext\tlib\sbmd\sbmd.hpp">
      <Filter>ext\tlib\sbmd</Filter>
    </ClInclude>
    <ClInclude Include="..\..\..\src\units\public\abstract-racing\spline.hpp">
      <Filter>units\public\abstract-racing</Filter>
    </ClInclude>
    <ClInclude Include="..\..\..\src\units\public\abstract-racing\track.hpp">
      <Filter>units\public\abstract-racing</Filter>
    </ClInclude>
    <ClInclude Include="..\..\..\src\units\public\abstract-racing\unit-abstract-racing.hpp">
      <Filter>units\public\abstract-racing</Filter>
    </ClInclude>
    <ClInclude Include="..\..\..\src\units\public\cmd\mod\mod-appplex-conf.hpp">
      <Filter>units\public\cmd\mod</Filter>
    </ClInclude>
    <ClInclude Include="..\..\..\src\units\public\cmd\mod\rdo-add-stdafx-include.hpp">
      <Filter>units\public\cmd\mod</Filter>
    </ClInclude>
    <ClInclude Include="..\..\..\src\units\public\cmd\mod\rdo-call-ffmpeg.hpp">
      <Filter>units\public\cmd\mod</Filter>
    </ClInclude>
    <ClInclude Include="..\..\..\src\units\public\cmd\mod\rdo-directory-statistics.hpp">
      <Filter>units\public\cmd\mod</Filter>
    </ClInclude>
    <ClInclude Include="..\..\..\src\units\public\cmd\mod\rdo-recursive-copy.hpp">
      <Filter>units\public\cmd\mod</Filter>
    </ClInclude>
    <ClInclude Include="..\..\..\src\units\public\cmd\mod\rdo-std-fmt-rename.hpp">
      <Filter>units\public\cmd\mod</Filter>
    </ClInclude>
    <ClInclude Include="..\..\..\src\units\public\cmd\cmd-line-arg.hpp">
      <Filter>units\public\cmd</Filter>
    </ClInclude>
    <ClInclude Include="..\..\..\src\units\public\cmd\long-operation.hpp">
      <Filter>units\public\cmd</Filter>
    </ClInclude>
    <ClInclude Include="..\..\..\src\units\public\cmd\recursive-dir.hpp">
      <Filter>units\public\cmd</Filter>
    </ClInclude>
    <ClInclude Include="..\..\..\src\units\public\cmd\start-process.hpp">
      <Filter>units\public\cmd</Filter>
    </ClInclude>
    <ClInclude Include="..\..\..\src\units\public\cmd\unit-cmd.hpp">
      <Filter>units\public\cmd</Filter>
    </ClInclude>
    <ClInclude Include="..\..\..\src\units\public\exercise\unit-exercise.hpp">
      <Filter>units\public\exercise</Filter>
    </ClInclude>
    <ClInclude Include="..\..\..\src\units\public\gen-texture\unit-gen-texture.hpp">
      <Filter>units\public\gen-texture</Filter>
    </ClInclude>
    <ClInclude Include="..\..\..\src\units\public\gl-frag-shader-demo\unit-gl-frag-shader-demo.hpp">
      <Filter>units\public\gl-frag-shader-demo</Filter>
    </ClInclude>
    <ClInclude Include="..\..\..\src\units\public\kemx\info.hpp">
      <Filter>units\public\kemx</Filter>
    </ClInclude>
    <ClInclude Include="..\..\..\src\units\public\kemx\node-info.hpp">
      <Filter>units\public\kemx</Filter>
    </ClInclude>
    <ClInclude Include="..\..\..\src\units\public\kemx\unit-kemx.hpp">
      <Filter>units\public\kemx</Filter>
    </ClInclude>
    <ClInclude Include="..\..\..\src\units\public\kinetic-scrolling\unit-kinetic-scrolling.hpp">
      <Filter>units\public\kinetic-scrolling</Filter>
    </ClInclude>
    <ClInclude Include="..\..\..\src\units\public\mx-lisp\unit-mx-lisp.hpp">
      <Filter>units\public\mx-lisp</Filter>
    </ClInclude>
    <ClInclude Include="..\..\..\src\units\public\template\unit-template.hpp">
      <Filter>units\public\template</Filter>
    </ClInclude>
    <ClInclude Include="..\..\..\src\units\public\tests\test\unit-test.hpp">
      <Filter>units\public\tests\test</Filter>
    </ClInclude>
    <ClInclude Include="..\..\..\src\units\public\tests\test-audioengine\unit-test-audioengine.hpp">
      <Filter>units\public\tests\test-audioengine</Filter>
    </ClInclude>
    <ClInclude Include="..\..\..\src\units\public\tests\test-dyn-geometry\b-spline.hpp">
      <Filter>units\public\tests\test-dyn-geometry</Filter>
    </ClInclude>
    <ClInclude Include="..\..\..\src\units\public\tests\test-dyn-geometry\catmull-rom-spline.hpp">
      <Filter>units\public\tests\test-dyn-geometry</Filter>
    </ClInclude>
    <ClInclude Include="..\..\..\src\units\public\tests\test-dyn-geometry\control-curve.hpp">
      <Filter>units\public\tests\test-dyn-geometry</Filter>
    </ClInclude>
    <ClInclude Include="..\..\..\src\units\public\tests\test-dyn-geometry\curve-mesh.hpp">
      <Filter>units\public\tests\test-dyn-geometry</Filter>
    </ClInclude>
    <ClInclude Include="..\..\..\src\units\public\tests\test-dyn-geometry\natural-cubic-spline.hpp">
      <Filter>units\public\tests\test-dyn-geometry</Filter>
    </ClInclude>
    <ClInclude Include="..\..\..\src\units\public\tests\test-dyn-geometry\unit-test-dyn-geometry.hpp">
      <Filter>units\public\tests\test-dyn-geometry</Filter>
    </ClInclude>
    <ClInclude Include="..\..\..\src\units\public\tests\test-ffmpeg\ffmpeg\vconv.hpp">
      <Filter>units\public\tests\test-ffmpeg\ffmpeg</Filter>
    </ClInclude>
    <ClInclude Include="..\..\..\src\units\public\tests\test-ffmpeg\ffmpeg\vdec-ffmpeg.hpp">
      <Filter>units\public\tests\test-ffmpeg\ffmpeg</Filter>
    </ClInclude>
    <ClInclude Include="..\..\..\src\units\public\tests\test-ffmpeg\ffmpeg\venc-ffmpeg.hpp">
      <Filter>units\public\tests\test-ffmpeg\ffmpeg</Filter>
    </ClInclude>
    <ClInclude Include="..\..\..\src\units\public\tests\test-ffmpeg\unit-test-ffmpeg.hpp">
      <Filter>units\public\tests\test-ffmpeg</Filter>
    </ClInclude>
    <ClInclude Include="..\..\..\src\units\public\tests\test-fmod\unit-test-fmod.hpp">
      <Filter>units\public\tests\test-fmod</Filter>
    </ClInclude>
    <ClInclude Include="..\..\..\src\units\public\tests\test-freeimage\unit-test-freeimage.hpp">
      <Filter>units\public\tests\test-freeimage</Filter>
    </ClInclude>
    <ClInclude Include="..\..\..\src\units\public\tests\test-freetype-gl\unit-test-freetype-gl.hpp">
      <Filter>units\public\tests\test-freetype-gl</Filter>
    </ClInclude>
    <ClInclude Include="..\..\..\src\units\public\tests\test-gl\unit-test-gl.hpp">
      <Filter>units\public\tests\test-gl</Filter>
    </ClInclude>
    <ClInclude Include="..\..\..\src\units\public\tests\test-grid\unit-test-grid.hpp">
      <Filter>units\public\tests\test-grid</Filter>
    </ClInclude>
    <ClInclude Include="..\..\..\src\units\public\tests\test-kube-sphere\icosphere.hpp">
      <Filter>units\public\tests\test-kube-sphere</Filter>
    </ClInclude>
    <ClInclude Include="..\..\..\src\units\public\tests\test-kube-sphere\unit-test-kube-sphere.hpp">
      <Filter>units\public\tests\test-kube-sphere</Filter>
    </ClInclude>
    <ClInclude Include="..\..\..\src\units\public\tests\test-normal-mapping\unit-test-normal-mapping.hpp">
      <Filter>units\public\tests\test-normal-mapping</Filter>
    </ClInclude>
    <ClInclude Include="..\..\..\src\units\public\tests\test-openvg\unit-test-openvg.hpp">
      <Filter>units\public\tests\test-openvg</Filter>
    </ClInclude>
    <ClInclude Include="..\..\..\src\units\public\tests\test-reflections\unit-test-reflections.hpp">
      <Filter>units\public\tests\test-reflections</Filter>
    </ClInclude>
    <ClInclude Include="..\..\..\src\units\public\tests\test-shadow-map\unit-test-shadow-map.hpp">
      <Filter>units\public\tests\test-shadow-map</Filter>
    </ClInclude>
    <ClInclude Include="..\..\..\src\units\public\tests\test-snd-android\unit-test-snd-android.hpp">
      <Filter>units\public\tests\test-snd-android</Filter>
    </ClInclude>
    <ClInclude Include="..\..\..\src\units\public\tests\test-snd-generators\unit-test-snd-generators.hpp">
      <Filter>units\public\tests\test-snd-generators</Filter>
    </ClInclude>
    <ClInclude Include="..\..\..\src\units\public\tests\test-stk\unit-test-stk.hpp">
      <Filter>units\public\tests\test-stk</Filter>
    </ClInclude>
    <ClInclude Include="..\..\..\src\units\public\tests\ux-test\unit-ux-test.hpp">
      <Filter>units\public\tests\ux-test</Filter>
    </ClInclude>
    <ClInclude Include="..\..\..\src\units\public\texxed\gap-buffer.hpp">
      <Filter>units\public\texxed</Filter>
    </ClInclude>
    <ClInclude Include="..\..\..\src\units\public\texxed\unit-texxed.hpp">
      <Filter>units\public\texxed</Filter>
    </ClInclude>
    <ClInclude Include="..\..\..\src\units\private\break-reminder\unique-random.hpp">
      <Filter>units\private\break-reminder</Filter>
    </ClInclude>
    <ClInclude Include="..\..\..\src\units\private\break-reminder\unit-break-reminder.hpp">
      <Filter>units\private\break-reminder</Filter>
    </ClInclude>
    <ClInclude Include="..\..\..\src\units\private\vorofract\unit-vorofract.hpp">
      <Filter>units\private\vorofract</Filter>
    </ClInclude>
    <ClInclude Include="..\..\..\src\units\private\vorofract\algorithm\boost-voronoi-visual-utils.hpp">
      <Filter>units\private\vorofract\algorithm</Filter>
    </ClInclude>
    <ClInclude Include="..\..\..\src\units\private\vorofract\algorithm\boost-voronoi.hpp">
      <Filter>units\private\vorofract\algorithm</Filter>
    </ClInclude>
    <ClInclude Include="..\..\..\src\units\private\vorofract\algorithm\faction.hpp">
      <Filter>units\private\vorofract\algorithm</Filter>
    </ClInclude>
    <ClInclude Include="..\..\..\src\units\private\vorofract\algorithm\vorofract-visual.hpp">
      <Filter>units\private\vorofract\algorithm</Filter>
    </ClInclude>
    <ClInclude Include="..\..\..\src\units\private\vorofract\algorithm\voronoi-diagram-data.hpp">
      <Filter>units\private\vorofract\algorithm</Filter>
    </ClInclude>
    <ClInclude Include="..\..\..\src\units\private\barnes-hut\barnes-hut.hpp">
      <Filter>units\private\barnes-hut</Filter>
    </ClInclude>
    <ClInclude Include="..\..\..\src\units\private\barnes-hut\oct-tree-internal-node.hpp">
      <Filter>units\private\barnes-hut</Filter>
    </ClInclude>
    <ClInclude Include="..\..\..\src\units\private\barnes-hut\oct-tree-leaf-node.hpp">
      <Filter>units\private\barnes-hut</Filter>
    </ClInclude>
    <ClInclude Include="..\..\..\src\units\private\barnes-hut\oct-tree-node.hpp">
      <Filter>units\private\barnes-hut</Filter>
    </ClInclude>
    <ClInclude Include="..\..\..\src\units\private\barnes-hut\star-palette.hpp">
      <Filter>units\private\barnes-hut</Filter>
    </ClInclude>
    <ClInclude Include="..\..\..\src\units\private\barnes-hut\unit-barnes-hut.hpp">
      <Filter>units\private\barnes-hut</Filter>
    </ClInclude>
    <ClInclude Include="..\..\..\src\units\private\kappaxx\allocator.hpp">
      <Filter>units\private\kappaxx</Filter>
    </ClInclude>
    <ClInclude Include="..\..\..\src\units\private\kappaxx\idef.hpp">
      <Filter>units\private\kappaxx</Filter>
    </ClInclude>
    <ClInclude Include="..\..\..\src\units\private\kappaxx\port.hpp">
      <Filter>units\private\kappaxx</Filter>
    </ClInclude>
    <ClInclude Include="..\..\..\src\units\private\kappaxx\process.hpp">
      <Filter>units\private\kappaxx</Filter>
    </ClInclude>
    <ClInclude Include="..\..\..\src\units\private\kappaxx\unit-kappaxx.hpp">
      <Filter>units\private\kappaxx</Filter>
    </ClInclude>
    <ClInclude Include="..\..\..\src\units\private\kappaxx\vm.hpp">
      <Filter>units\private\kappaxx</Filter>
    </ClInclude>
    <ClInclude Include="..\..\..\src\units\private\kappaxx\xlink.hpp">
      <Filter>units\private\kappaxx</Filter>
    </ClInclude>
    <ClInclude Include="..\..\..\src\units\private\reliquus\kubic-space.hpp">
      <Filter>units\private\reliquus</Filter>
    </ClInclude>
    <ClInclude Include="..\..\..\src\units\private\reliquus\rnfx-unit.hpp">
      <Filter>units\private\reliquus</Filter>
    </ClInclude>
    <ClInclude Include="..\..\..\src\units\private\reliquus\unit-reliquus.hpp">
      <Filter>units\private\reliquus</Filter>
    </ClInclude>
    <ClInclude Include="..\..\..\src\units\private\orbital-deathmatch\unit-orbital-deathmatch.hpp">
      <Filter>units\private\orbital-deathmatch</Filter>
    </ClInclude>
    <ClInclude Include="..\..\..\src\units\private\shipwrecked\unit-shipwrecked.hpp">
      <Filter>units\private\shipwrecked</Filter>
    </ClInclude>
    <ClInclude Include="..\..\..\src\units\private\musix\unit-musix.hpp">
      <Filter>units\private\musix</Filter>
    </ClInclude>
    <ClInclude Include="..\..\..\src\units\private\test-digital-krikits\unit-test-digital-krikits.hpp">
      <Filter>units\private\test-digital-krikits</Filter>
    </ClInclude>
    <ClInclude Include="..\..\..\src\units\private\metrolife\unit-metrolife.hpp">
      <Filter>units\private\metrolife</Filter>
    </ClInclude>
    <ClInclude Include="..\..\..\src\units\public\tests\test-trail\unit-test-trail.hpp">
      <Filter>units\public\tests\test-trail</Filter>
    </ClInclude>
    <ClInclude Include="..\..\..\src\ext\media\gfx\ext\gfx-trail.hpp">
      <Filter>ext\media\gfx\ext</Filter>
    </ClInclude>
  </ItemGroup>
  <ItemGroup>
    <ClCompile Include="..\..\..\src\ext\media\snd\snd.cpp">
      <Filter>ext\media\snd</Filter>
    </ClCompile>
    <ClCompile Include="..\..\..\src\ext\tlib\utils\free-camera.cpp">
      <Filter>ext\tlib\utils</Filter>
    </ClCompile>
    <ClCompile Include="..\..\..\src-lib\freetype-gl\edtaa3func.c">
      <Filter>src-lib\freetype-gl</Filter>
    </ClCompile>
    <ClCompile Include="..\..\..\src-lib\freetype-gl\font-manager.c">
      <Filter>src-lib\freetype-gl</Filter>
    </ClCompile>
    <ClCompile Include="..\..\..\src-lib\freetype-gl\mat4.c">
      <Filter>src-lib\freetype-gl</Filter>
    </ClCompile>
    <ClCompile Include="..\..\..\src-lib\freetype-gl\platform.c">
      <Filter>src-lib\freetype-gl</Filter>
    </ClCompile>
    <ClCompile Include="..\..\..\src-lib\freetype-gl\shader.c">
      <Filter>src-lib\freetype-gl</Filter>
    </ClCompile>
    <ClCompile Include="..\..\..\src-lib\freetype-gl\text-buffer.c">
      <Filter>src-lib\freetype-gl</Filter>
    </ClCompile>
    <ClCompile Include="..\..\..\src-lib\freetype-gl\texture-atlas.c">
      <Filter>src-lib\freetype-gl</Filter>
    </ClCompile>
    <ClCompile Include="..\..\..\src-lib\freetype-gl\texture-font.c">
      <Filter>src-lib\freetype-gl</Filter>
    </ClCompile>
    <ClCompile Include="..\..\..\src-lib\freetype-gl\vector.c">
      <Filter>src-lib\freetype-gl</Filter>
    </ClCompile>
    <ClCompile Include="..\..\..\src-lib\freetype-gl\vertex-attribute.c">
      <Filter>src-lib\freetype-gl</Filter>
    </ClCompile>
    <ClCompile Include="..\..\..\src-lib\freetype-gl\vertex-buffer.c">
      <Filter>src-lib\freetype-gl</Filter>
    </ClCompile>
    <ClCompile Include="..\..\..\src-lib\boost\chrono\chrono.cpp">
      <Filter>src-lib\boost\chrono</Filter>
    </ClCompile>
    <ClCompile Include="..\..\..\src-lib\boost\chrono\process_cpu_clocks.cpp">
      <Filter>src-lib\boost\chrono</Filter>
    </ClCompile>
    <ClCompile Include="..\..\..\src-lib\boost\chrono\thread_clock.cpp">
      <Filter>src-lib\boost\chrono</Filter>
    </ClCompile>
    <ClCompile Include="..\..\..\src-lib\boost\date_time\gregorian\date_generators.cpp">
      <Filter>src-lib\boost\date_time\gregorian</Filter>
    </ClCompile>
    <ClCompile Include="..\..\..\src-lib\boost\date_time\gregorian\greg_month.cpp">
      <Filter>src-lib\boost\date_time\gregorian</Filter>
    </ClCompile>
    <ClCompile Include="..\..\..\src-lib\boost\date_time\gregorian\greg_weekday.cpp">
      <Filter>src-lib\boost\date_time\gregorian</Filter>
    </ClCompile>
    <ClCompile Include="..\..\..\src-lib\boost\date_time\gregorian\gregorian_types.cpp">
      <Filter>src-lib\boost\date_time\gregorian</Filter>
    </ClCompile>
    <ClCompile Include="..\..\..\src-lib\boost\date_time\posix_time\posix_time_types.cpp">
      <Filter>src-lib\boost\date_time\posix_time</Filter>
    </ClCompile>
    <ClCompile Include="..\..\..\src-lib\boost\filesystem\codecvt_error_category.cpp">
      <Filter>src-lib\boost\filesystem</Filter>
    </ClCompile>
    <ClCompile Include="..\..\..\src-lib\boost\filesystem\operations.cpp">
      <Filter>src-lib\boost\filesystem</Filter>
    </ClCompile>
    <ClCompile Include="..\..\..\src-lib\boost\filesystem\path.cpp">
      <Filter>src-lib\boost\filesystem</Filter>
    </ClCompile>
    <ClCompile Include="..\..\..\src-lib\boost\filesystem\path_traits.cpp">
      <Filter>src-lib\boost\filesystem</Filter>
    </ClCompile>
    <ClCompile Include="..\..\..\src-lib\boost\filesystem\portability.cpp">
      <Filter>src-lib\boost\filesystem</Filter>
    </ClCompile>
    <ClCompile Include="..\..\..\src-lib\boost\filesystem\unique_path.cpp">
      <Filter>src-lib\boost\filesystem</Filter>
    </ClCompile>
    <ClCompile Include="..\..\..\src-lib\boost\filesystem\utf8_codecvt_facet_filesystem.cpp">
      <Filter>src-lib\boost\filesystem</Filter>
    </ClCompile>
    <ClCompile Include="..\..\..\src-lib\boost\filesystem\windows_file_codecvt.cpp">
      <Filter>src-lib\boost\filesystem</Filter>
    </ClCompile>
    <ClCompile Include="..\..\..\src-lib\boost\program_options\cmdline.cpp">
      <Filter>src-lib\boost\program_options</Filter>
    </ClCompile>
    <ClCompile Include="..\..\..\src-lib\boost\program_options\config_file.cpp">
      <Filter>src-lib\boost\program_options</Filter>
    </ClCompile>
    <ClCompile Include="..\..\..\src-lib\boost\program_options\convert.cpp">
      <Filter>src-lib\boost\program_options</Filter>
    </ClCompile>
    <ClCompile Include="..\..\..\src-lib\boost\program_options\options_description.cpp">
      <Filter>src-lib\boost\program_options</Filter>
    </ClCompile>
    <ClCompile Include="..\..\..\src-lib\boost\program_options\parsers.cpp">
      <Filter>src-lib\boost\program_options</Filter>
    </ClCompile>
    <ClCompile Include="..\..\..\src-lib\boost\program_options\positional_options.cpp">
      <Filter>src-lib\boost\program_options</Filter>
    </ClCompile>
    <ClCompile Include="..\..\..\src-lib\boost\program_options\split.cpp">
      <Filter>src-lib\boost\program_options</Filter>
    </ClCompile>
    <ClCompile Include="..\..\..\src-lib\boost\program_options\utf8_codecvt_facet_program_options.cpp">
      <Filter>src-lib\boost\program_options</Filter>
    </ClCompile>
    <ClCompile Include="..\..\..\src-lib\boost\program_options\value_semantic.cpp">
      <Filter>src-lib\boost\program_options</Filter>
    </ClCompile>
    <ClCompile Include="..\..\..\src-lib\boost\program_options\variables_map.cpp">
      <Filter>src-lib\boost\program_options</Filter>
    </ClCompile>
    <ClCompile Include="..\..\..\src-lib\boost\program_options\winmain.cpp">
      <Filter>src-lib\boost\program_options</Filter>
    </ClCompile>
    <ClCompile Include="..\..\..\src-lib\boost\system\error_code.cpp">
      <Filter>src-lib\boost\system</Filter>
    </ClCompile>
    <ClCompile Include="..\..\..\src-lib\boost\thread\win32\thread.cpp">
      <Filter>src-lib\boost\thread</Filter>
    </ClCompile>
    <ClCompile Include="..\..\..\src-lib\boost\thread\win32\tss_dll.cpp">
      <Filter>src-lib\boost\thread</Filter>
    </ClCompile>
    <ClCompile Include="..\..\..\src-lib\boost\thread\win32\tss_pe.cpp">
      <Filter>src-lib\boost\thread</Filter>
    </ClCompile>
    <ClCompile Include="..\..\..\src-lib\boost\thread\future.cpp">
      <Filter>src-lib\boost\thread</Filter>
    </ClCompile>
    <ClCompile Include="..\..\..\src-lib\boost\thread\tss_null.cpp">
      <Filter>src-lib\boost\thread</Filter>
    </ClCompile>
    <ClCompile Include="..\..\..\src-lib\boost\timer\auto_timers_construction.cpp">
      <Filter>src-lib\boost\timer</Filter>
    </ClCompile>
    <ClCompile Include="..\..\..\src-lib\boost\timer\cpu_timer.cpp">
      <Filter>src-lib\boost\timer</Filter>
    </ClCompile>
    <ClCompile Include="..\..\..\src\ext\tlib\sbmd\kx-elem.cpp">
      <Filter>ext\tlib\sbmd</Filter>
    </ClCompile>
    <ClCompile Include="..\..\..\src\ext\tlib\sbmd\kx-krte.cpp">
      <Filter>ext\tlib\sbmd</Filter>
    </ClCompile>
    <ClCompile Include="..\..\..\src\ext\tlib\sbmd\kx-parser.cpp">
      <Filter>ext\tlib\sbmd</Filter>
    </ClCompile>
    <ClCompile Include="..\..\..\src\min\unit\unit.cpp">
      <Filter>min\unit</Filter>
    </ClCompile>
    <ClCompile Include="..\..\..\src\min\unit\unit-ctrl.cpp">
      <Filter>min\unit</Filter>
    </ClCompile>
    <ClCompile Include="..\..\..\src\ext\com\ux\font-db.cpp">
      <Filter>ext\com\ux</Filter>
    </ClCompile>
    <ClCompile Include="..\..\..\src\ext\com\ux\text-vxo.cpp">
      <Filter>ext\com\ux</Filter>
    </ClCompile>
    <ClCompile Include="..\..\..\src\ext\com\ux\ux.cpp">
      <Filter>ext\com\ux</Filter>
    </ClCompile>
    <ClCompile Include="..\..\..\src\ext\com\ux\ux-camera.cpp">
      <Filter>ext\com\ux</Filter>
    </ClCompile>
    <ClCompile Include="..\..\..\src\ext\com\ux\ux-com.cpp">
      <Filter>ext\com\ux</Filter>
    </ClCompile>
    <ClCompile Include="..\..\..\src\ext\com\ux\ux-ext.cpp">
      <Filter>ext\com\ux</Filter>
    </ClCompile>
    <ClCompile Include="..\..\..\src\ext\com\ux\ux-font.cpp">
      <Filter>ext\com\ux</Filter>
    </ClCompile>
    <ClCompile Include="..\..\..\src\ext\com\util\util.cpp">
      <Filter>ext\com\util</Filter>
    </ClCompile>
    <ClCompile Include="..\..\..\src\ext\com\unit\input-ctrl.cpp">
      <Filter>ext\com\unit</Filter>
    </ClCompile>
    <ClCompile Include="..\..\..\src\ext\com\unit\transitions.cpp">
      <Filter>ext\com\unit</Filter>
    </ClCompile>
    <ClCompile Include="..\..\..\src\ext\com\unit\update-ctrl.cpp">
      <Filter>ext\com\unit</Filter>
    </ClCompile>
    <ClCompile Include="..\..\..\src\ext\media\gfx\gfx.cpp">
      <Filter>ext\media\gfx</Filter>
    </ClCompile>
    <ClCompile Include="..\..\..\src\ext\media\gfx\gfx-camera.cpp">
      <Filter>ext\media\gfx</Filter>
    </ClCompile>
    <ClCompile Include="..\..\..\src\ext\media\gfx\gfx-color.cpp">
      <Filter>ext\media\gfx</Filter>
    </ClCompile>
    <ClCompile Include="..\..\..\src\ext\media\gfx\gfx-material.cpp">
      <Filter>ext\media\gfx</Filter>
    </ClCompile>
    <ClCompile Include="..\..\..\src\ext\media\gfx\gfx-obj.cpp">
      <Filter>ext\media\gfx</Filter>
    </ClCompile>
    <ClCompile Include="..\..\..\src\ext\media\gfx\gfx-quad-2d.cpp">
      <Filter>ext\media\gfx</Filter>
    </ClCompile>
    <ClCompile Include="..\..\..\src\ext\media\gfx\gfx-rt.cpp">
      <Filter>ext\media\gfx</Filter>
    </ClCompile>
    <ClCompile Include="..\..\..\src\ext\media\gfx\gfx-scene.cpp">
      <Filter>ext\media\gfx</Filter>
    </ClCompile>
    <ClCompile Include="..\..\..\src\ext\media\gfx\gfx-shader.cpp">
      <Filter>ext\media\gfx</Filter>
    </ClCompile>
    <ClCompile Include="..\..\..\src\ext\media\gfx\gfx-state.cpp">
      <Filter>ext\media\gfx</Filter>
    </ClCompile>
    <ClCompile Include="..\..\..\src\ext\media\gfx\gfx-tex.cpp">
      <Filter>ext\media\gfx</Filter>
    </ClCompile>
    <ClCompile Include="..\..\..\src\ext\media\gfx\gfx-util.cpp">
      <Filter>ext\media\gfx</Filter>
    </ClCompile>
    <ClCompile Include="..\..\..\src\ext\media\gfx\gfx-vxo.cpp">
      <Filter>ext\media\gfx</Filter>
    </ClCompile>
    <ClCompile Include="..\..\..\src\ext\media\gfx\ext\gfx-param-surface.cpp">
      <Filter>ext\media\gfx\ext</Filter>
    </ClCompile>
    <ClCompile Include="..\..\..\src\ext\media\gfx\ext\gfx-surface.cpp">
      <Filter>ext\media\gfx\ext</Filter>
    </ClCompile>
    <ClCompile Include="..\..\..\src\ext\media\ovg\ovg-obj.cpp">
      <Filter>ext\media\ovg</Filter>
    </ClCompile>
    <ClCompile Include="..\..\..\src\ext\media\res-ld\res-ld.cpp">
      <Filter>ext\media\res-ld</Filter>
    </ClCompile>
    <ClCompile Include="..\..\..\src\ext\tlib\noise\palette.cpp">
      <Filter>ext\tlib\noise</Filter>
    </ClCompile>
    <ClCompile Include="..\..\..\src\ext\tlib\noise\perlinnoise.cpp">
      <Filter>ext\tlib\noise</Filter>
    </ClCompile>
    <ClCompile Include="..\..\..\src\ext\tlib\noise\perlinsettings.cpp">
      <Filter>ext\tlib\noise</Filter>
    </ClCompile>
    <ClCompile Include="..\..\..\src\ext\tlib\rng\rng.cpp">
      <Filter>ext\tlib\rng</Filter>
    </ClCompile>
    <ClCompile Include="..\..\..\src\ext\tlib\tiny-obj-loader\tiny_obj_loader.cpp">
      <Filter>ext\tlib\tiny-obj-loader</Filter>
    </ClCompile>
    <ClCompile Include="..\src\main.cpp">
      <Filter>main</Filter>
    </ClCompile>
    <ClCompile Include="..\..\..\src\min\appplex-conf.cpp">
      <Filter>min</Filter>
    </ClCompile>
    <ClCompile Include="..\..\..\src\min\data-sequence.cpp">
      <Filter>min</Filter>
    </ClCompile>
    <ClCompile Include="..\..\..\src\min\min.cpp">
      <Filter>min</Filter>
    </ClCompile>
    <ClCompile Include="..\..\..\src\min\pfm.cpp">
      <Filter>min</Filter>
    </ClCompile>
    <ClCompile Include="..\..\..\src\min\stdafx.cpp">
      <Filter>min</Filter>
    </ClCompile>
    <ClCompile Include="..\..\..\src-lib\snd\win32\snd-win32.cpp">
      <Filter>src-lib\snd</Filter>
    </ClCompile>
    <ClCompile Include="..\..\..\src-lib\notifications\win32\local-notification-win32.cpp">
      <Filter>src-lib\notifications</Filter>
    </ClCompile>
    <ClCompile Include="..\..\..\src\ext\tlib\sbmd\sbmd.cpp">
      <Filter>ext\tlib\sbmd</Filter>
    </ClCompile>
    <ClCompile Include="..\..\..\src\units\public\abstract-racing\spline.cpp">
      <Filter>units\public\abstract-racing</Filter>
    </ClCompile>
    <ClCompile Include="..\..\..\src\units\public\abstract-racing\track.cpp">
      <Filter>units\public\abstract-racing</Filter>
    </ClCompile>
    <ClCompile Include="..\..\..\src\units\public\abstract-racing\unit-abstract-racing.cpp">
      <Filter>units\public\abstract-racing</Filter>
    </ClCompile>
    <ClCompile Include="..\..\..\src\units\public\cmd\mod\mod-appplex-conf.cpp">
      <Filter>units\public\cmd\mod</Filter>
    </ClCompile>
    <ClCompile Include="..\..\..\src\units\public\cmd\mod\rdo-add-stdafx-include.cpp">
      <Filter>units\public\cmd\mod</Filter>
    </ClCompile>
    <ClCompile Include="..\..\..\src\units\public\cmd\mod\rdo-call-ffmpeg.cpp">
      <Filter>units\public\cmd\mod</Filter>
    </ClCompile>
    <ClCompile Include="..\..\..\src\units\public\cmd\mod\rdo-directory-statistics.cpp">
      <Filter>units\public\cmd\mod</Filter>
    </ClCompile>
    <ClCompile Include="..\..\..\src\units\public\cmd\mod\rdo-recursive-copy.cpp">
      <Filter>units\public\cmd\mod</Filter>
    </ClCompile>
    <ClCompile Include="..\..\..\src\units\public\cmd\mod\rdo-std-fmt-rename.cpp">
      <Filter>units\public\cmd\mod</Filter>
    </ClCompile>
    <ClCompile Include="..\..\..\src\units\public\cmd\cmd-line-arg.cpp">
      <Filter>units\public\cmd</Filter>
    </ClCompile>
    <ClCompile Include="..\..\..\src\units\public\cmd\long-operation.cpp">
      <Filter>units\public\cmd</Filter>
    </ClCompile>
    <ClCompile Include="..\..\..\src\units\public\cmd\recursive-dir.cpp">
      <Filter>units\public\cmd</Filter>
    </ClCompile>
    <ClCompile Include="..\..\..\src\units\public\cmd\start-process.cpp">
      <Filter>units\public\cmd</Filter>
    </ClCompile>
    <ClCompile Include="..\..\..\src\units\public\cmd\unit-cmd.cpp">
      <Filter>units\public\cmd</Filter>
    </ClCompile>
    <ClCompile Include="..\..\..\src\units\public\exercise\unit-exercise.cpp">
      <Filter>units\public\exercise</Filter>
    </ClCompile>
    <ClCompile Include="..\..\..\src\units\public\exercise\unit-exercise-ux.cpp">
      <Filter>units\public\exercise</Filter>
    </ClCompile>
    <ClCompile Include="..\..\..\src\units\public\gen-texture\unit-gen-texture.cpp">
      <Filter>units\public\gen-texture</Filter>
    </ClCompile>
    <ClCompile Include="..\..\..\src\units\public\gl-frag-shader-demo\unit-gl-frag-shader-demo.cpp">
      <Filter>units\public\gl-frag-shader-demo</Filter>
    </ClCompile>
    <ClCompile Include="..\..\..\src\units\public\kemx\info.cpp">
      <Filter>units\public\kemx</Filter>
    </ClCompile>
    <ClCompile Include="..\..\..\src\units\public\kemx\node-info.cpp">
      <Filter>units\public\kemx</Filter>
    </ClCompile>
    <ClCompile Include="..\..\..\src\units\public\kemx\unit-kemx.cpp">
      <Filter>units\public\kemx</Filter>
    </ClCompile>
    <ClCompile Include="..\..\..\src\units\public\kinetic-scrolling\unit-kinetic-scrolling.cpp">
      <Filter>units\public\kinetic-scrolling</Filter>
    </ClCompile>
    <ClCompile Include="..\..\..\src\units\public\mx-lisp\mx-lisp.c">
      <Filter>units\public\mx-lisp</Filter>
    </ClCompile>
    <ClCompile Include="..\..\..\src\units\public\mx-lisp\unit-mx-lisp.cpp">
      <Filter>units\public\mx-lisp</Filter>
    </ClCompile>
    <ClCompile Include="..\..\..\src\units\public\template\unit-template.cpp">
      <Filter>units\public\template</Filter>
    </ClCompile>
    <ClCompile Include="..\..\..\src\units\public\tests\test\unit-test.cpp">
      <Filter>units\public\tests\test</Filter>
    </ClCompile>
    <ClCompile Include="..\..\..\src\units\public\tests\test-audioengine\unit-test-audioengine.cpp">
      <Filter>units\public\tests\test-audioengine</Filter>
    </ClCompile>
    <ClCompile Include="..\..\..\src\units\public\tests\test-dyn-geometry\b-spline.cpp">
      <Filter>units\public\tests\test-dyn-geometry</Filter>
    </ClCompile>
    <ClCompile Include="..\..\..\src\units\public\tests\test-dyn-geometry\catmull-rom-spline.cpp">
      <Filter>units\public\tests\test-dyn-geometry</Filter>
    </ClCompile>
    <ClCompile Include="..\..\..\src\units\public\tests\test-dyn-geometry\control-curve.cpp">
      <Filter>units\public\tests\test-dyn-geometry</Filter>
    </ClCompile>
    <ClCompile Include="..\..\..\src\units\public\tests\test-dyn-geometry\curve-mesh.cpp">
      <Filter>units\public\tests\test-dyn-geometry</Filter>
    </ClCompile>
    <ClCompile Include="..\..\..\src\units\public\tests\test-dyn-geometry\natural-cubic-spline.cpp">
      <Filter>units\public\tests\test-dyn-geometry</Filter>
    </ClCompile>
    <ClCompile Include="..\..\..\src\units\public\tests\test-dyn-geometry\unit-test-dyn-geometry.cpp">
      <Filter>units\public\tests\test-dyn-geometry</Filter>
    </ClCompile>
    <ClCompile Include="..\..\..\src\units\public\tests\test-ffmpeg\ffmpeg\vconv.cpp">
      <Filter>units\public\tests\test-ffmpeg\ffmpeg</Filter>
    </ClCompile>
    <ClCompile Include="..\..\..\src\units\public\tests\test-ffmpeg\ffmpeg\vdec-ffmpeg.cpp">
      <Filter>units\public\tests\test-ffmpeg\ffmpeg</Filter>
    </ClCompile>
    <ClCompile Include="..\..\..\src\units\public\tests\test-ffmpeg\ffmpeg\venc-ffmpeg.cpp">
      <Filter>units\public\tests\test-ffmpeg\ffmpeg</Filter>
    </ClCompile>
    <ClCompile Include="..\..\..\src\units\public\tests\test-ffmpeg\unit-test-ffmpeg.cpp">
      <Filter>units\public\tests\test-ffmpeg</Filter>
    </ClCompile>
    <ClCompile Include="..\..\..\src\units\public\tests\test-fmod\unit-test-fmod.cpp">
      <Filter>units\public\tests\test-fmod</Filter>
    </ClCompile>
    <ClCompile Include="..\..\..\src\units\public\tests\test-freeimage\unit-test-freeimage.cpp">
      <Filter>units\public\tests\test-freeimage</Filter>
    </ClCompile>
    <ClCompile Include="..\..\..\src\units\public\tests\test-freetype-gl\unit-test-freetype-gl.cpp">
      <Filter>units\public\tests\test-freetype-gl</Filter>
    </ClCompile>
    <ClCompile Include="..\..\..\src\units\public\tests\test-gl\unit-test-gl.cpp">
      <Filter>units\public\tests\test-gl</Filter>
    </ClCompile>
    <ClCompile Include="..\..\..\src\units\public\tests\test-grid\unit-test-grid.cpp">
      <Filter>units\public\tests\test-grid</Filter>
    </ClCompile>
    <ClCompile Include="..\..\..\src\units\public\tests\test-kube-sphere\icosphere.cpp">
      <Filter>units\public\tests\test-kube-sphere</Filter>
    </ClCompile>
    <ClCompile Include="..\..\..\src\units\public\tests\test-kube-sphere\unit-test-kube-sphere.cpp">
      <Filter>units\public\tests\test-kube-sphere</Filter>
    </ClCompile>
    <ClCompile Include="..\..\..\src\units\public\tests\test-normal-mapping\unit-test-normal-mapping.cpp">
      <Filter>units\public\tests\test-normal-mapping</Filter>
    </ClCompile>
    <ClCompile Include="..\..\..\src\units\public\tests\test-openvg\unit-test-openvg.cpp">
      <Filter>units\public\tests\test-openvg</Filter>
    </ClCompile>
    <ClCompile Include="..\..\..\src\units\public\tests\test-openvg\unit-test-openvg-ux-monkvg.cpp">
      <Filter>units\public\tests\test-openvg</Filter>
    </ClCompile>
    <ClCompile Include="..\..\..\src\units\public\tests\test-openvg\unit-test-openvg-ux-shivavg.cpp">
      <Filter>units\public\tests\test-openvg</Filter>
    </ClCompile>
    <ClCompile Include="..\..\..\src\units\public\tests\test-reflections\unit-test-reflections.cpp">
      <Filter>units\public\tests\test-reflections</Filter>
    </ClCompile>
    <ClCompile Include="..\..\..\src\units\public\tests\test-shadow-map\unit-test-shadow-map.cpp">
      <Filter>units\public\tests\test-shadow-map</Filter>
    </ClCompile>
    <ClCompile Include="..\..\..\src\units\public\tests\test-snd-android\unit-test-snd-android.cpp">
      <Filter>units\public\tests\test-snd-android</Filter>
    </ClCompile>
    <ClCompile Include="..\..\..\src\units\public\tests\test-snd-generators\unit-test-snd-generators.cpp">
      <Filter>units\public\tests\test-snd-generators</Filter>
    </ClCompile>
    <ClCompile Include="..\..\..\src\units\public\tests\test-stk\unit-test-stk.cpp">
      <Filter>units\public\tests\test-stk</Filter>
    </ClCompile>
    <ClCompile Include="..\..\..\src\units\public\tests\ux-test\unit-ux-test.cpp">
      <Filter>units\public\tests\ux-test</Filter>
    </ClCompile>
    <ClCompile Include="..\..\..\src\units\public\texxed\gap-buffer.cpp">
      <Filter>units\public\texxed</Filter>
    </ClCompile>
    <ClCompile Include="..\..\..\src\units\public\texxed\unit-texxed.cpp">
      <Filter>units\public\texxed</Filter>
    </ClCompile>
    <ClCompile Include="..\..\..\src\units\private\break-reminder\unique-random.cpp">
      <Filter>units\private\break-reminder</Filter>
    </ClCompile>
    <ClCompile Include="..\..\..\src\units\private\break-reminder\unit-break-reminder.cpp">
      <Filter>units\private\break-reminder</Filter>
    </ClCompile>
    <ClCompile Include="..\..\..\src\units\private\vorofract\unit-vorofract-ux.cpp">
      <Filter>units\private\vorofract</Filter>
    </ClCompile>
    <ClCompile Include="..\..\..\src\units\private\vorofract\unit-vorofract.cpp">
      <Filter>units\private\vorofract</Filter>
    </ClCompile>
    <ClCompile Include="..\..\..\src\units\private\vorofract\algorithm\boost-voronoi.cpp">
      <Filter>units\private\vorofract\algorithm</Filter>
    </ClCompile>
    <ClCompile Include="..\..\..\src\units\private\vorofract\algorithm\faction.cpp">
      <Filter>units\private\vorofract\algorithm</Filter>
    </ClCompile>
    <ClCompile Include="..\..\..\src\units\private\vorofract\algorithm\vorofract-visual.cpp">
      <Filter>units\private\vorofract\algorithm</Filter>
    </ClCompile>
    <ClCompile Include="..\..\..\src\units\private\vorofract\algorithm\voronoi-diagram-data.cpp">
      <Filter>units\private\vorofract\algorithm</Filter>
    </ClCompile>
    <ClCompile Include="..\..\..\src\units\private\barnes-hut\barnes-hut.cpp">
      <Filter>units\private\barnes-hut</Filter>
    </ClCompile>
    <ClCompile Include="..\..\..\src\units\private\barnes-hut\oct-tree-internal-node.cpp">
      <Filter>units\private\barnes-hut</Filter>
    </ClCompile>
    <ClCompile Include="..\..\..\src\units\private\barnes-hut\oct-tree-leaf-node.cpp">
      <Filter>units\private\barnes-hut</Filter>
    </ClCompile>
    <ClCompile Include="..\..\..\src\units\private\barnes-hut\star-palette.cpp">
      <Filter>units\private\barnes-hut</Filter>
    </ClCompile>
    <ClCompile Include="..\..\..\src\units\private\barnes-hut\unit-barnes-hut-ux.cpp">
      <Filter>units\private\barnes-hut</Filter>
    </ClCompile>
    <ClCompile Include="..\..\..\src\units\private\barnes-hut\unit-barnes-hut.cpp">
      <Filter>units\private\barnes-hut</Filter>
    </ClCompile>
    <ClCompile Include="..\..\..\src\units\private\kappaxx\allocator.cpp">
      <Filter>units\private\kappaxx</Filter>
    </ClCompile>
    <ClCompile Include="..\..\..\src\units\private\kappaxx\port.cpp">
      <Filter>units\private\kappaxx</Filter>
    </ClCompile>
    <ClCompile Include="..\..\..\src\units\private\kappaxx\process.cpp">
      <Filter>units\private\kappaxx</Filter>
    </ClCompile>
    <ClCompile Include="..\..\..\src\units\private\kappaxx\unit-kappaxx.cpp">
      <Filter>units\private\kappaxx</Filter>
    </ClCompile>
    <ClCompile Include="..\..\..\src\units\private\kappaxx\vm.cpp">
      <Filter>units\private\kappaxx</Filter>
    </ClCompile>
    <ClCompile Include="..\..\..\src\units\private\kappaxx\xlink.cpp">
      <Filter>units\private\kappaxx</Filter>
    </ClCompile>
    <ClCompile Include="..\..\..\src\units\private\reliquus\kubic-space.cpp">
      <Filter>units\private\reliquus</Filter>
    </ClCompile>
    <ClCompile Include="..\..\..\src\units\private\reliquus\rnfx-unit.cpp">
      <Filter>units\private\reliquus</Filter>
    </ClCompile>
    <ClCompile Include="..\..\..\src\units\private\reliquus\unit-reliquus.cpp">
      <Filter>units\private\reliquus</Filter>
    </ClCompile>
    <ClCompile Include="..\..\..\src\units\private\orbital-deathmatch\unit-orbital-deathmatch.cpp">
      <Filter>units\private\orbital-deathmatch</Filter>
    </ClCompile>
    <ClCompile Include="..\..\..\src\units\private\shipwrecked\unit-shipwrecked.cpp">
      <Filter>units\private\shipwrecked</Filter>
    </ClCompile>
    <ClCompile Include="..\..\..\src\units\private\musix\unit-musix.cpp">
      <Filter>units\private\musix</Filter>
    </ClCompile>
    <ClCompile Include="..\..\..\src\units\private\test-digital-krikits\unit-test-digital-krikits.cpp">
      <Filter>units\private\test-digital-krikits</Filter>
    </ClCompile>
    <ClCompile Include="..\..\..\src\units\private\metrolife\unit-metrolife.cpp">
      <Filter>units\private\metrolife</Filter>
    </ClCompile>
    <ClCompile Include="..\..\..\src\units\public\tests\test-trail\unit-test-trail.cpp">
      <Filter>units\public\tests\test-trail</Filter>
    </ClCompile>
    <ClCompile Include="..\..\..\src\ext\media\gfx\ext\gfx-trail.cpp">
      <Filter>ext\media\gfx\ext</Filter>
    </ClCompile>
    <ClCompile Include="..\..\..\src-lib\fmt\format.cc">
      <Filter>src-lib\fmt</Filter>
    </ClCompile>
    <ClCompile Include="..\..\..\src-lib\fmt\ostream.cc">
      <Filter>src-lib\fmt</Filter>
    </ClCompile>
    <ClCompile Include="..\..\..\src-lib\fmt\posix.cc">
      <Filter>src-lib\fmt</Filter>
    </ClCompile>
    <ClCompile Include="..\..\..\src-lib\fmt\printf.cc">
      <Filter>src-lib\fmt</Filter>
    </ClCompile>
  </ItemGroup>
  <ItemGroup>
    <None Include="..\..\..\appplex-conf.sbmd" />
    <None Include="..\..\..\src\units\public\tests\test-openvg\svg-tiger-paths.inc">
      <Filter>units\public\tests\test-openvg</Filter>
    </None>
  </ItemGroup>
</Project>